
Microsoft Visual Studio Solution File, Format Version 12.00
# Visual Studio 15
Project("{FAE04EC0-301F-11D3-BF4B-00C04F79EFBC}") = "CaculatorPro.Android", "CaculatorPro.Android\CaculatorPro.Android.csproj", "{DAC7380C-2A2E-4254-B5F7-2795D01C8454}"
EndProject
Project("{FAE04EC0-301F-11D3-BF4B-00C04F79EFBC}") = "CaculatorPro.iOS", "CaculatorPro.iOS\CaculatorPro.iOS.csproj", "{79EA38C2-56D2-4916-B913-6301AB6AD0CE}"
EndProject
Project("{D954291E-2A0B-460D-934E-DC6B0785DB48}") = "CaculatorPro", "CaculatorPro\CaculatorPro.shproj", "{903E128A-08DD-402D-853E-F8ABFCFAC9C7}"
EndProject
Global
	GlobalSection(SolutionConfigurationPlatforms) = preSolution
		Debug|Any CPU = Debug|Any CPU
		Release|Any CPU = Release|Any CPU
		Debug|iPhoneSimulator = Debug|iPhoneSimulator
		Release|iPhoneSimulator = Release|iPhoneSimulator
		Debug|iPhone = Debug|iPhone
		Release|iPhone = Release|iPhone
	EndGlobalSection
	GlobalSection(ProjectConfigurationPlatforms) = postSolution
		{DAC7380C-2A2E-4254-B5F7-2795D01C8454}.Debug|Any CPU.ActiveCfg = Debug|Any CPU
		{DAC7380C-2A2E-4254-B5F7-2795D01C8454}.Debug|Any CPU.Build.0 = Debug|Any CPU
		{DAC7380C-2A2E-4254-B5F7-2795D01C8454}.Release|Any CPU.ActiveCfg = Release|Any CPU
		{DAC7380C-2A2E-4254-B5F7-2795D01C8454}.Release|Any CPU.Build.0 = Release|Any CPU
		{DAC7380C-2A2E-4254-B5F7-2795D01C8454}.Debug|iPhoneSimulator.ActiveCfg = Debug|Any CPU
		{DAC7380C-2A2E-4254-B5F7-2795D01C8454}.Debug|iPhoneSimulator.Build.0 = Debug|Any CPU
		{DAC7380C-2A2E-4254-B5F7-2795D01C8454}.Release|iPhoneSimulator.ActiveCfg = Release|Any CPU
		{DAC7380C-2A2E-4254-B5F7-2795D01C8454}.Release|iPhoneSimulator.Build.0 = Release|Any CPU
		{DAC7380C-2A2E-4254-B5F7-2795D01C8454}.Debug|iPhone.ActiveCfg = Debug|Any CPU
		{DAC7380C-2A2E-4254-B5F7-2795D01C8454}.Debug|iPhone.Build.0 = Debug|Any CPU
		{DAC7380C-2A2E-4254-B5F7-2795D01C8454}.Release|iPhone.ActiveCfg = Release|Any CPU
		{DAC7380C-2A2E-4254-B5F7-2795D01C8454}.Release|iPhone.Build.0 = Release|Any CPU
		{79EA38C2-56D2-4916-B913-6301AB6AD0CE}.Debug|Any CPU.ActiveCfg = Debug|iPhoneSimulator
		{79EA38C2-56D2-4916-B913-6301AB6AD0CE}.Debug|Any CPU.Build.0 = Debug|iPhoneSimulator
		{79EA38C2-56D2-4916-B913-6301AB6AD0CE}.Release|Any CPU.ActiveCfg = Release|iPhoneSimulator
		{79EA38C2-56D2-4916-B913-6301AB6AD0CE}.Release|Any CPU.Build.0 = Release|iPhoneSimulator
		{79EA38C2-56D2-4916-B913-6301AB6AD0CE}.Debug|iPhoneSimulator.ActiveCfg = Debug|iPhoneSimulator
		{79EA38C2-56D2-4916-B913-6301AB6AD0CE}.Debug|iPhoneSimulator.Build.0 = Debug|iPhoneSimulator
		{79EA38C2-56D2-4916-B913-6301AB6AD0CE}.Release|iPhoneSimulator.ActiveCfg = Release|iPhoneSimulator
		{79EA38C2-56D2-4916-B913-6301AB6AD0CE}.Release|iPhoneSimulator.Build.0 = Release|iPhoneSimulator
		{79EA38C2-56D2-4916-B913-6301AB6AD0CE}.Debug|iPhone.ActiveCfg = Debug|iPhone
		{79EA38C2-56D2-4916-B913-6301AB6AD0CE}.Debug|iPhone.Build.0 = Debug|iPhone
		{79EA38C2-56D2-4916-B913-6301AB6AD0CE}.Release|iPhone.ActiveCfg = Release|iPhone
		{79EA38C2-56D2-4916-B913-6301AB6AD0CE}.Release|iPhone.Build.0 = Release|iPhone
	EndGlobalSection
EndGlobal
